
Microsoft Visual Studio Solution File, Format Version 12.00
# Visual Studio Version 16
VisualStudioVersion = 16.0.33214.272
MinimumVisualStudioVersion = 10.0.40219.1
Project("{FAE04EC0-301F-11D3-BF4B-00C04F79EFBC}") = "SalesWebMVC", "SalesWebMVC\SalesWebMVC.csproj", "{1203EE7E-97E7-4192-8A39-08A3E2B44200}"
EndProject
Global
	GlobalSection(SolutionConfigurationPlatforms) = preSolution
		Debug|Any CPU = Debug|Any CPU
		Release|Any CPU = Release|Any CPU
	EndGlobalSection
	GlobalSection(ProjectConfigurationPlatforms) = postSolution
		{1203EE7E-97E7-4192-8A39-08A3E2B44200}.Debug|Any CPU.ActiveCfg = Debug|Any CPU
		{1203EE7E-97E7-4192-8A39-08A3E2B44200}.Debug|Any CPU.Build.0 = Debug|Any CPU
		{1203EE7E-97E7-4192-8A39-08A3E2B44200}.Release|Any CPU.ActiveCfg = Release|Any CPU
		{1203EE7E-97E7-4192-8A39-08A3E2B44200}.Release|Any CPU.Build.0 = Release|Any CPU
	EndGlobalSection
	GlobalSection(SolutionProperties) = preSolution
		HideSolutionNode = FALSE
	EndGlobalSection
	GlobalSection(ExtensibilityGlobals) = postSolution
		SolutionGuid = {0404520B-A809-450B-A862-BC2AA0399076}
	EndGlobalSection
EndGlobal
